
Microsoft Visual Studio Solution File, Format Version 12.00
# Visual Studio 2012
Project("{FAE04EC0-301F-11D3-BF4B-00C04F79EFBC}") = "PagerApi", "PagerApi\PagerApi.csproj", "{68211525-A382-41EF-B185-705649FE0572}"
EndProject
Project("{FAE04EC0-301F-11D3-BF4B-00C04F79EFBC}") = "Test", "Test\Test.csproj", "{7B1DB5AC-623A-45F4-B43E-60E2CA16CD24}"
EndProject
Project("{E24C65DC-7377-472B-9ABA-BC803B73C61A}") = "WebsiteTest", "WebsiteTest\", "{673D3B7B-5BFE-4A58-948F-6847A76AAE1E}"
	ProjectSection(WebsiteProperties) = preProject
		TargetFrameworkMoniker = ".NETFramework,Version%3Dv4.5"
		Debug.AspNetCompiler.VirtualPath = "/WebsiteTest"
		Debug.AspNetCompiler.PhysicalPath = "WebsiteTest\"
		Debug.AspNetCompiler.TargetPath = "PrecompiledWeb\WebsiteTest\"
		Debug.AspNetCompiler.Updateable = "true"
		Debug.AspNetCompiler.ForceOverwrite = "true"
		Debug.AspNetCompiler.FixedNames = "false"
		Debug.AspNetCompiler.Debug = "True"
		Release.AspNetCompiler.VirtualPath = "/WebsiteTest"
		Release.AspNetCompiler.PhysicalPath = "WebsiteTest\"
		Release.AspNetCompiler.TargetPath = "PrecompiledWeb\WebsiteTest\"
		Release.AspNetCompiler.Updateable = "true"
		Release.AspNetCompiler.ForceOverwrite = "true"
		Release.AspNetCompiler.FixedNames = "false"
		Release.AspNetCompiler.Debug = "False"
		VWDPort = "16754"
	EndProjectSection
	ProjectSection(ProjectDependencies) = postProject
		{68211525-A382-41EF-B185-705649FE0572} = {68211525-A382-41EF-B185-705649FE0572}
		{7B1DB5AC-623A-45F4-B43E-60E2CA16CD24} = {7B1DB5AC-623A-45F4-B43E-60E2CA16CD24}
	EndProjectSection
EndProject
Global
	GlobalSection(SolutionConfigurationPlatforms) = preSolution
		Debug|Any CPU = Debug|Any CPU
		Release|Any CPU = Release|Any CPU
	EndGlobalSection
	GlobalSection(ProjectConfigurationPlatforms) = postSolution
		{68211525-A382-41EF-B185-705649FE0572}.Debug|Any CPU.ActiveCfg = Debug|Any CPU
		{68211525-A382-41EF-B185-705649FE0572}.Debug|Any CPU.Build.0 = Debug|Any CPU
		{68211525-A382-41EF-B185-705649FE0572}.Release|Any CPU.ActiveCfg = Release|Any CPU
		{68211525-A382-41EF-B185-705649FE0572}.Release|Any CPU.Build.0 = Release|Any CPU
		{7B1DB5AC-623A-45F4-B43E-60E2CA16CD24}.Debug|Any CPU.ActiveCfg = Debug|Any CPU
		{7B1DB5AC-623A-45F4-B43E-60E2CA16CD24}.Debug|Any CPU.Build.0 = Debug|Any CPU
		{7B1DB5AC-623A-45F4-B43E-60E2CA16CD24}.Release|Any CPU.ActiveCfg = Release|Any CPU
		{7B1DB5AC-623A-45F4-B43E-60E2CA16CD24}.Release|Any CPU.Build.0 = Release|Any CPU
		{673D3B7B-5BFE-4A58-948F-6847A76AAE1E}.Debug|Any CPU.ActiveCfg = Debug|Any CPU
		{673D3B7B-5BFE-4A58-948F-6847A76AAE1E}.Debug|Any CPU.Build.0 = Debug|Any CPU
		{673D3B7B-5BFE-4A58-948F-6847A76AAE1E}.Release|Any CPU.ActiveCfg = Debug|Any CPU
		{673D3B7B-5BFE-4A58-948F-6847A76AAE1E}.Release|Any CPU.Build.0 = Debug|Any CPU
	EndGlobalSection
	GlobalSection(SolutionProperties) = preSolution
		HideSolutionNode = FALSE
	EndGlobalSection
EndGlobal
